
Microsoft Visual Studio Solution File, Format Version 12.00
# Visual Studio Version 16
VisualStudioVersion = 16.0.30611.23
MinimumVisualStudioVersion = 10.0.40219.1
Project("{9A19103F-16F7-4668-BE54-9A1E7A4F7556}") = "WebApplication1", "WebApplication1\WebApplication1.csproj", "{70D7C4AC-33C4-4C0F-9961-08BB3798B771}"
EndProject
Global
	GlobalSection(SolutionConfigurationPlatforms) = preSolution
		Debug|Any CPU = Debug|Any CPU
		Release|Any CPU = Release|Any CPU
	EndGlobalSection
	GlobalSection(ProjectConfigurationPlatforms) = postSolution
		{70D7C4AC-33C4-4C0F-9961-08BB3798B771}.Debug|Any CPU.ActiveCfg = Debug|Any CPU
		{70D7C4AC-33C4-4C0F-9961-08BB3798B771}.Debug|Any CPU.Build.0 = Debug|Any CPU
		{70D7C4AC-33C4-4C0F-9961-08BB3798B771}.Release|Any CPU.ActiveCfg = Release|Any CPU
		{70D7C4AC-33C4-4C0F-9961-08BB3798B771}.Release|Any CPU.Build.0 = Release|Any CPU
	EndGlobalSection
	GlobalSection(SolutionProperties) = preSolution
		HideSolutionNode = FALSE
	EndGlobalSection
	GlobalSection(ExtensibilityGlobals) = postSolution
		SolutionGuid = {6B2FAA85-AB31-494F-BAB4-9FC718D463F7}
	EndGlobalSection
EndGlobal
